
Microsoft Visual Studio Solution File, Format Version 12.00
# Visual Studio Version 17
VisualStudioVersion = 17.0.31903.59
MinimumVisualStudioVersion = 10.0.40219.1
Project("{2150E333-8FDC-42A3-9474-1A3956D46DE8}") = "src", "src", "{62C7A99B-0EEC-4976-9B0E-9E14BB5A414D}"
EndProject
Project("{FAE04EC0-301F-11D3-BF4B-00C04F79EFBC}") = "ProductApi.Domain", "src\ProductApi.Domain\ProductApi.Domain.csproj", "{2017DC85-8438-4207-9F5B-46A0AA07E2F5}"
EndProject
Project("{FAE04EC0-301F-11D3-BF4B-00C04F79EFBC}") = "ProductApi.Application", "src\ProductApi.Application\ProductApi.Application.csproj", "{4FCBD57D-E8B5-4CA3-BD2D-1E7174022597}"
EndProject
Project("{FAE04EC0-301F-11D3-BF4B-00C04F79EFBC}") = "ProductApi.Infrastructure", "src\ProductApi.Infrastructure\ProductApi.Infrastructure.csproj", "{AE0B9332-E135-4085-ACE4-27F9D29E9E08}"
EndProject
Project("{FAE04EC0-301F-11D3-BF4B-00C04F79EFBC}") = "ProductApi.WebUI", "src\ProductApi.WebUI\ProductApi.WebUI.csproj", "{D13BFD28-305A-4AC9-9085-C2295D273788}"
EndProject
Global
	GlobalSection(SolutionConfigurationPlatforms) = preSolution
		Debug|Any CPU = Debug|Any CPU
		Release|Any CPU = Release|Any CPU
	EndGlobalSection
	GlobalSection(SolutionProperties) = preSolution
		HideSolutionNode = FALSE
	EndGlobalSection
	GlobalSection(ProjectConfigurationPlatforms) = postSolution
		{2017DC85-8438-4207-9F5B-46A0AA07E2F5}.Debug|Any CPU.ActiveCfg = Debug|Any CPU
		{2017DC85-8438-4207-9F5B-46A0AA07E2F5}.Debug|Any CPU.Build.0 = Debug|Any CPU
		{2017DC85-8438-4207-9F5B-46A0AA07E2F5}.Release|Any CPU.ActiveCfg = Release|Any CPU
		{2017DC85-8438-4207-9F5B-46A0AA07E2F5}.Release|Any CPU.Build.0 = Release|Any CPU
		{4FCBD57D-E8B5-4CA3-BD2D-1E7174022597}.Debug|Any CPU.ActiveCfg = Debug|Any CPU
		{4FCBD57D-E8B5-4CA3-BD2D-1E7174022597}.Debug|Any CPU.Build.0 = Debug|Any CPU
		{4FCBD57D-E8B5-4CA3-BD2D-1E7174022597}.Release|Any CPU.ActiveCfg = Release|Any CPU
		{4FCBD57D-E8B5-4CA3-BD2D-1E7174022597}.Release|Any CPU.Build.0 = Release|Any CPU
		{AE0B9332-E135-4085-ACE4-27F9D29E9E08}.Debug|Any CPU.ActiveCfg = Debug|Any CPU
		{AE0B9332-E135-4085-ACE4-27F9D29E9E08}.Debug|Any CPU.Build.0 = Debug|Any CPU
		{AE0B9332-E135-4085-ACE4-27F9D29E9E08}.Release|Any CPU.ActiveCfg = Release|Any CPU
		{AE0B9332-E135-4085-ACE4-27F9D29E9E08}.Release|Any CPU.Build.0 = Release|Any CPU
		{D13BFD28-305A-4AC9-9085-C2295D273788}.Debug|Any CPU.ActiveCfg = Debug|Any CPU
		{D13BFD28-305A-4AC9-9085-C2295D273788}.Debug|Any CPU.Build.0 = Debug|Any CPU
		{D13BFD28-305A-4AC9-9085-C2295D273788}.Release|Any CPU.ActiveCfg = Release|Any CPU
		{D13BFD28-305A-4AC9-9085-C2295D273788}.Release|Any CPU.Build.0 = Release|Any CPU
	EndGlobalSection
	GlobalSection(NestedProjects) = preSolution
		{2017DC85-8438-4207-9F5B-46A0AA07E2F5} = {62C7A99B-0EEC-4976-9B0E-9E14BB5A414D}
		{4FCBD57D-E8B5-4CA3-BD2D-1E7174022597} = {62C7A99B-0EEC-4976-9B0E-9E14BB5A414D}
		{AE0B9332-E135-4085-ACE4-27F9D29E9E08} = {62C7A99B-0EEC-4976-9B0E-9E14BB5A414D}
		{D13BFD28-305A-4AC9-9085-C2295D273788} = {62C7A99B-0EEC-4976-9B0E-9E14BB5A414D}
	EndGlobalSection
EndGlobal
